Microsoft Visual Studio Solution File, Format Version 12.00
# Visual Studio Version 17
VisualStudioVersion = 17.5.2.0
MinimumVisualStudioVersion = 10.0.40219.1
Project("{2150E333-8FDC-42A3-9474-1A3956D46DE8}") = "school-equipment-portal", "school-equipment-portal", "{9BBEC717-6201-2884-3D6E-F225B807B34E}"
EndProject
Project("{FAE04EC0-301F-11D3-BF4B-00C04F79EFBC}") = "SchoolEquipmentApi", "school-equipment-portal\server-net\SchoolEquipmentApi.csproj", "{B4001CFC-CA1C-C5D9-9566-858EC28A7823}"
EndProject
Global
	GlobalSection(SolutionConfigurationPlatforms) = preSolution
		Debug|Any CPU = Debug|Any CPU
		Release|Any CPU = Release|Any CPU
	EndGlobalSection
	GlobalSection(ProjectConfigurationPlatforms) = postSolution
		{B4001CFC-CA1C-C5D9-9566-858EC28A7823}.Debug|Any CPU.ActiveCfg = Debug|Any CPU
		{B4001CFC-CA1C-C5D9-9566-858EC28A7823}.Debug|Any CPU.Build.0 = Debug|Any CPU
		{B4001CFC-CA1C-C5D9-9566-858EC28A7823}.Release|Any CPU.ActiveCfg = Release|Any CPU
		{B4001CFC-CA1C-C5D9-9566-858EC28A7823}.Release|Any CPU.Build.0 = Release|Any CPU
	EndGlobalSection
	GlobalSection(SolutionProperties) = preSolution
		HideSolutionNode = FALSE
	EndGlobalSection
	GlobalSection(NestedProjects) = preSolution
		{B4001CFC-CA1C-C5D9-9566-858EC28A7823} = {9BBEC717-6201-2884-3D6E-F225B807B34E}
	EndGlobalSection
	GlobalSection(ExtensibilityGlobals) = postSolution
		SolutionGuid = {98EDEAB3-4936-42CA-99AD-C5F8DB5CA24E}
	EndGlobalSection
EndGlobal
